
Microsoft Visual Studio Solution File, Format Version 12.00
# Visual Studio Version 17
VisualStudioVersion = 17.11.35327.3
MinimumVisualStudioVersion = 10.0.40219.1
Project("{FAE04EC0-301F-11D3-BF4B-00C04F79EFBC}") = "Iki Sayinin Farkini Bulan CSharp Kodu", "Iki Sayinin Farkini Bulan CSharp Kodu\Iki Sayinin Farkini Bulan CSharp Kodu.csproj", "{04281BAC-611D-4610-B741-8E0A05D8557D}"
EndProject
Global
	GlobalSection(SolutionConfigurationPlatforms) = preSolution
		Debug|Any CPU = Debug|Any CPU
		Release|Any CPU = Release|Any CPU
	EndGlobalSection
	GlobalSection(ProjectConfigurationPlatforms) = postSolution
		{04281BAC-611D-4610-B741-8E0A05D8557D}.Debug|Any CPU.ActiveCfg = Debug|Any CPU
		{04281BAC-611D-4610-B741-8E0A05D8557D}.Debug|Any CPU.Build.0 = Debug|Any CPU
		{04281BAC-611D-4610-B741-8E0A05D8557D}.Release|Any CPU.ActiveCfg = Release|Any CPU
		{04281BAC-611D-4610-B741-8E0A05D8557D}.Release|Any CPU.Build.0 = Release|Any CPU
	EndGlobalSection
	GlobalSection(SolutionProperties) = preSolution
		HideSolutionNode = FALSE
	EndGlobalSection
	GlobalSection(ExtensibilityGlobals) = postSolution
		SolutionGuid = {EE426B2C-7CAE-428B-8F54-0700FFF74F1A}
	EndGlobalSection
EndGlobal
